
Microsoft Visual Studio Solution File, Format Version 12.00
# Visual Studio Version 16
VisualStudioVersion = 16.0.31624.102
MinimumVisualStudioVersion = 10.0.40219.1
Project("{8BC9CEB8-8B4A-11D0-8D11-00A0C91BC942}") = "WindowsMouseReader", "WindowsMouseReader\WindowsMouseReader.vcxproj", "{D65C4336-9692-4085-8219-F67B92B55183}"
EndProject
Global
	GlobalSection(SolutionConfigurationPlatforms) = preSolution
		Debug|x64 = Debug|x64
		Debug|x86 = Debug|x86
		Release|x64 = Release|x64
		Release|x86 = Release|x86
	EndGlobalSection
	GlobalSection(ProjectConfigurationPlatforms) = postSolution
		{D65C4336-9692-4085-8219-F67B92B55183}.Debug|x64.ActiveCfg = Debug|x64
		{D65C4336-9692-4085-8219-F67B92B55183}.Debug|x64.Build.0 = Debug|x64
		{D65C4336-9692-4085-8219-F67B92B55183}.Debug|x86.ActiveCfg = Debug|Win32
		{D65C4336-9692-4085-8219-F67B92B55183}.Debug|x86.Build.0 = Debug|Win32
		{D65C4336-9692-4085-8219-F67B92B55183}.Release|x64.ActiveCfg = Release|x64
		{D65C4336-9692-4085-8219-F67B92B55183}.Release|x64.Build.0 = Release|x64
		{D65C4336-9692-4085-8219-F67B92B55183}.Release|x86.ActiveCfg = Release|Win32
		{D65C4336-9692-4085-8219-F67B92B55183}.Release|x86.Build.0 = Release|Win32
	EndGlobalSection
	GlobalSection(SolutionProperties) = preSolution
		HideSolutionNode = FALSE
	EndGlobalSection
	GlobalSection(ExtensibilityGlobals) = postSolution
		SolutionGuid = {F6EDC5BB-E383-4E4C-8CA8-48DD8C8BDB9F}
	EndGlobalSection
EndGlobal
